
Microsoft Visual Studio Solution File, Format Version 11.00
# Visual Studio 2010
Project("{FAE04EC0-301F-11D3-BF4B-00C04F79EFBC}") = "BLL", "BLL\BLL.csproj", "{BD71217F-0C69-4A5C-AED0-E18F333CBC6F}"
EndProject
Project("{FAE04EC0-301F-11D3-BF4B-00C04F79EFBC}") = "SQLDAL", "SQLDAL\SQLDAL.csproj", "{3D2E8955-A851-42EC-BE68-F1EB02B7834B}"
EndProject
Project("{FAE04EC0-301F-11D3-BF4B-00C04F79EFBC}") = "IDAL", "IDAL\IDAL.csproj", "{C11C3FFC-A525-414B-8F71-A8DCC21F3097}"
EndProject
Project("{FAE04EC0-301F-11D3-BF4B-00C04F79EFBC}") = "Util", "Util\Util.csproj", "{B3B87AE1-D865-470C-B037-410D4844A9AA}"
EndProject
Project("{FAE04EC0-301F-11D3-BF4B-00C04F79EFBC}") = "WMS", "WMS\WMS.csproj", "{6EAEA527-331D-4D86-8E4C-90FCF74801B0}"
EndProject
Global
	GlobalSection(SolutionConfigurationPlatforms) = preSolution
		Debug|Any CPU = Debug|Any CPU
		Debug|Mixed Platforms = Debug|Mixed Platforms
		Debug|x86 = Debug|x86
		Release|Any CPU = Release|Any CPU
		Release|Mixed Platforms = Release|Mixed Platforms
		Release|x86 = Release|x86
	EndGlobalSection
	GlobalSection(ProjectConfigurationPlatforms) = postSolution
		{BD71217F-0C69-4A5C-AED0-E18F333CBC6F}.Debug|Any CPU.ActiveCfg = Debug|Any CPU
		{BD71217F-0C69-4A5C-AED0-E18F333CBC6F}.Debug|Any CPU.Build.0 = Debug|Any CPU
		{BD71217F-0C69-4A5C-AED0-E18F333CBC6F}.Debug|Mixed Platforms.ActiveCfg = Debug|Any CPU
		{BD71217F-0C69-4A5C-AED0-E18F333CBC6F}.Debug|Mixed Platforms.Build.0 = Debug|Any CPU
		{BD71217F-0C69-4A5C-AED0-E18F333CBC6F}.Debug|x86.ActiveCfg = Debug|Any CPU
		{BD71217F-0C69-4A5C-AED0-E18F333CBC6F}.Release|Any CPU.ActiveCfg = Release|Any CPU
		{BD71217F-0C69-4A5C-AED0-E18F333CBC6F}.Release|Any CPU.Build.0 = Release|Any CPU
		{BD71217F-0C69-4A5C-AED0-E18F333CBC6F}.Release|Mixed Platforms.ActiveCfg = Release|Any CPU
		{BD71217F-0C69-4A5C-AED0-E18F333CBC6F}.Release|Mixed Platforms.Build.0 = Release|Any CPU
		{BD71217F-0C69-4A5C-AED0-E18F333CBC6F}.Release|x86.ActiveCfg = Release|Any CPU
		{3D2E8955-A851-42EC-BE68-F1EB02B7834B}.Debug|Any CPU.ActiveCfg = Debug|Any CPU
		{3D2E8955-A851-42EC-BE68-F1EB02B7834B}.Debug|Any CPU.Build.0 = Debug|Any CPU
		{3D2E8955-A851-42EC-BE68-F1EB02B7834B}.Debug|Mixed Platforms.ActiveCfg = Debug|Any CPU
		{3D2E8955-A851-42EC-BE68-F1EB02B7834B}.Debug|Mixed Platforms.Build.0 = Debug|Any CPU
		{3D2E8955-A851-42EC-BE68-F1EB02B7834B}.Debug|x86.ActiveCfg = Debug|Any CPU
		{3D2E8955-A851-42EC-BE68-F1EB02B7834B}.Release|Any CPU.ActiveCfg = Release|Any CPU
		{3D2E8955-A851-42EC-BE68-F1EB02B7834B}.Release|Any CPU.Build.0 = Release|Any CPU
		{3D2E8955-A851-42EC-BE68-F1EB02B7834B}.Release|Mixed Platforms.ActiveCfg = Release|Any CPU
		{3D2E8955-A851-42EC-BE68-F1EB02B7834B}.Release|Mixed Platforms.Build.0 = Release|Any CPU
		{3D2E8955-A851-42EC-BE68-F1EB02B7834B}.Release|x86.ActiveCfg = Release|Any CPU
		{C11C3FFC-A525-414B-8F71-A8DCC21F3097}.Debug|Any CPU.ActiveCfg = Debug|Any CPU
		{C11C3FFC-A525-414B-8F71-A8DCC21F3097}.Debug|Any CPU.Build.0 = Debug|Any CPU
		{C11C3FFC-A525-414B-8F71-A8DCC21F3097}.Debug|Mixed Platforms.ActiveCfg = Debug|Any CPU
		{C11C3FFC-A525-414B-8F71-A8DCC21F3097}.Debug|Mixed Platforms.Build.0 = Debug|Any CPU
		{C11C3FFC-A525-414B-8F71-A8DCC21F3097}.Debug|x86.ActiveCfg = Debug|Any CPU
		{C11C3FFC-A525-414B-8F71-A8DCC21F3097}.Release|Any CPU.ActiveCfg = Release|Any CPU
		{C11C3FFC-A525-414B-8F71-A8DCC21F3097}.Release|Any CPU.Build.0 = Release|Any CPU
		{C11C3FFC-A525-414B-8F71-A8DCC21F3097}.Release|Mixed Platforms.ActiveCfg = Release|Any CPU
		{C11C3FFC-A525-414B-8F71-A8DCC21F3097}.Release|Mixed Platforms.Build.0 = Release|Any CPU
		{C11C3FFC-A525-414B-8F71-A8DCC21F3097}.Release|x86.ActiveCfg = Release|Any CPU
		{B3B87AE1-D865-470C-B037-410D4844A9AA}.Debug|Any CPU.ActiveCfg = Debug|Any CPU
		{B3B87AE1-D865-470C-B037-410D4844A9AA}.Debug|Any CPU.Build.0 = Debug|Any CPU
		{B3B87AE1-D865-470C-B037-410D4844A9AA}.Debug|Mixed Platforms.ActiveCfg = Debug|Any CPU
		{B3B87AE1-D865-470C-B037-410D4844A9AA}.Debug|Mixed Platforms.Build.0 = Debug|Any CPU
		{B3B87AE1-D865-470C-B037-410D4844A9AA}.Debug|x86.ActiveCfg = Debug|Any CPU
		{B3B87AE1-D865-470C-B037-410D4844A9AA}.Release|Any CPU.ActiveCfg = Release|Any CPU
		{B3B87AE1-D865-470C-B037-410D4844A9AA}.Release|Any CPU.Build.0 = Release|Any CPU
		{B3B87AE1-D865-470C-B037-410D4844A9AA}.Release|Mixed Platforms.ActiveCfg = Release|Any CPU
		{B3B87AE1-D865-470C-B037-410D4844A9AA}.Release|Mixed Platforms.Build.0 = Release|Any CPU
		{B3B87AE1-D865-470C-B037-410D4844A9AA}.Release|x86.ActiveCfg = Release|Any CPU
		{6EAEA527-331D-4D86-8E4C-90FCF74801B0}.Debug|Any CPU.ActiveCfg = Debug|Any CPU
		{6EAEA527-331D-4D86-8E4C-90FCF74801B0}.Debug|Any CPU.Build.0 = Debug|Any CPU
		{6EAEA527-331D-4D86-8E4C-90FCF74801B0}.Debug|Mixed Platforms.ActiveCfg = Debug|Any CPU
		{6EAEA527-331D-4D86-8E4C-90FCF74801B0}.Debug|Mixed Platforms.Build.0 = Debug|Any CPU
		{6EAEA527-331D-4D86-8E4C-90FCF74801B0}.Debug|x86.ActiveCfg = Debug|Any CPU
		{6EAEA527-331D-4D86-8E4C-90FCF74801B0}.Release|Any CPU.ActiveCfg = Release|Any CPU
		{6EAEA527-331D-4D86-8E4C-90FCF74801B0}.Release|Any CPU.Build.0 = Release|Any CPU
		{6EAEA527-331D-4D86-8E4C-90FCF74801B0}.Release|Mixed Platforms.ActiveCfg = Release|Any CPU
		{6EAEA527-331D-4D86-8E4C-90FCF74801B0}.Release|Mixed Platforms.Build.0 = Release|Any CPU
		{6EAEA527-331D-4D86-8E4C-90FCF74801B0}.Release|x86.ActiveCfg = Release|Any CPU
	EndGlobalSection
	GlobalSection(SolutionProperties) = preSolution
		HideSolutionNode = FALSE
	EndGlobalSection
EndGlobal
